Microsoft Visual Studio Solution File, Format Version 12.00
# Visual Studio 2013
Project("{8BC9CEB8-8B4A-11D0-8D11-00A0C91BC942}") = "ALL_BUILD", "ALL_BUILD.vcxproj", "{52DB8AEE-3627-3D08-856F-368B70DA26CE}"
	ProjectSection(ProjectDependencies) = postProject
		{5BBE97DB-A465-305A-80DA-71D0CB0AEB9D} = {5BBE97DB-A465-305A-80DA-71D0CB0AEB9D}
		{64E9948C-C47A-34B9-9C7A-DCA645712744} = {64E9948C-C47A-34B9-9C7A-DCA645712744}
	EndProjectSection
EndProject
Project("{8BC9CEB8-8B4A-11D0-8D11-00A0C91BC942}") = "ZERO_CHECK", "..\..\\ZERO_CHECK.vcxproj", "{5BBE97DB-A465-305A-80DA-71D0CB0AEB9D}"
	ProjectSection(ProjectDependencies) = postProject
	EndProjectSection
EndProject
Project("{8BC9CEB8-8B4A-11D0-8D11-00A0C91BC942}") = "eviewcomm", "..\..\common\eviewcomm\eviewcomm.vcxproj", "{4EF9BDEE-8290-3DCE-836A-ACE51EEA06EF}"
	ProjectSection(ProjectDependencies) = postProject
		{5BBE97DB-A465-305A-80DA-71D0CB0AEB9D} = {5BBE97DB-A465-305A-80DA-71D0CB0AEB9D}
	EndProjectSection
EndProject
Project("{8BC9CEB8-8B4A-11D0-8D11-00A0C91BC942}") = "pkhisdataserver", "pkhisdataserver.vcxproj", "{64E9948C-C47A-34B9-9C7A-DCA645712744}"
	ProjectSection(ProjectDependencies) = postProject
		{5BBE97DB-A465-305A-80DA-71D0CB0AEB9D} = {5BBE97DB-A465-305A-80DA-71D0CB0AEB9D}
		{4EF9BDEE-8290-3DCE-836A-ACE51EEA06EF} = {4EF9BDEE-8290-3DCE-836A-ACE51EEA06EF}
		{31CA801B-04FC-3993-A362-8D75EC565EF1} = {31CA801B-04FC-3993-A362-8D75EC565EF1}
	EndProjectSection
EndProject
Project("{8BC9CEB8-8B4A-11D0-8D11-00A0C91BC942}") = "rmapi", "..\..\common\redundancy\rmapi\rmapi.vcxproj", "{31CA801B-04FC-3993-A362-8D75EC565EF1}"
	ProjectSection(ProjectDependencies) = postProject
		{5BBE97DB-A465-305A-80DA-71D0CB0AEB9D} = {5BBE97DB-A465-305A-80DA-71D0CB0AEB9D}
	EndProjectSection
EndProject
Global
	GlobalSection(SolutionConfigurationPlatforms) = preSolution
		Debug|x64 = Debug|x64
		Release|x64 = Release|x64
		MinSizeRel|x64 = MinSizeRel|x64
		RelWithDebInfo|x64 = RelWithDebInfo|x64
	EndGlobalSection
	GlobalSection(ProjectConfigurationPlatforms) = postSolution
		{52DB8AEE-3627-3D08-856F-368B70DA26CE}.Debug|x64.ActiveCfg = Debug|x64
		{52DB8AEE-3627-3D08-856F-368B70DA26CE}.Release|x64.ActiveCfg = Release|x64
		{52DB8AEE-3627-3D08-856F-368B70DA26CE}.MinSizeRel|x64.ActiveCfg = MinSizeRel|x64
		{52DB8AEE-3627-3D08-856F-368B70DA26CE}.RelWithDebInfo|x64.ActiveCfg = RelWithDebInfo|x64
		{5BBE97DB-A465-305A-80DA-71D0CB0AEB9D}.Debug|x64.ActiveCfg = Debug|x64
		{5BBE97DB-A465-305A-80DA-71D0CB0AEB9D}.Debug|x64.Build.0 = Debug|x64
		{5BBE97DB-A465-305A-80DA-71D0CB0AEB9D}.Release|x64.ActiveCfg = Release|x64
		{5BBE97DB-A465-305A-80DA-71D0CB0AEB9D}.Release|x64.Build.0 = Release|x64
		{5BBE97DB-A465-305A-80DA-71D0CB0AEB9D}.MinSizeRel|x64.ActiveCfg = MinSizeRel|x64
		{5BBE97DB-A465-305A-80DA-71D0CB0AEB9D}.MinSizeRel|x64.Build.0 = MinSizeRel|x64
		{5BBE97DB-A465-305A-80DA-71D0CB0AEB9D}.RelWithDebInfo|x64.ActiveCfg = RelWithDebInfo|x64
		{5BBE97DB-A465-305A-80DA-71D0CB0AEB9D}.RelWithDebInfo|x64.Build.0 = RelWithDebInfo|x64
		{4EF9BDEE-8290-3DCE-836A-ACE51EEA06EF}.Debug|x64.ActiveCfg = Debug|x64
		{4EF9BDEE-8290-3DCE-836A-ACE51EEA06EF}.Debug|x64.Build.0 = Debug|x64
		{4EF9BDEE-8290-3DCE-836A-ACE51EEA06EF}.Release|x64.ActiveCfg = Release|x64
		{4EF9BDEE-8290-3DCE-836A-ACE51EEA06EF}.Release|x64.Build.0 = Release|x64
		{4EF9BDEE-8290-3DCE-836A-ACE51EEA06EF}.MinSizeRel|x64.ActiveCfg = MinSizeRel|x64
		{4EF9BDEE-8290-3DCE-836A-ACE51EEA06EF}.MinSizeRel|x64.Build.0 = MinSizeRel|x64
		{4EF9BDEE-8290-3DCE-836A-ACE51EEA06EF}.RelWithDebInfo|x64.ActiveCfg = RelWithDebInfo|x64
		{4EF9BDEE-8290-3DCE-836A-ACE51EEA06EF}.RelWithDebInfo|x64.Build.0 = RelWithDebInfo|x64
		{64E9948C-C47A-34B9-9C7A-DCA645712744}.Debug|x64.ActiveCfg = Debug|x64
		{64E9948C-C47A-34B9-9C7A-DCA645712744}.Debug|x64.Build.0 = Debug|x64
		{64E9948C-C47A-34B9-9C7A-DCA645712744}.Release|x64.ActiveCfg = Release|x64
		{64E9948C-C47A-34B9-9C7A-DCA645712744}.Release|x64.Build.0 = Release|x64
		{64E9948C-C47A-34B9-9C7A-DCA645712744}.MinSizeRel|x64.ActiveCfg = MinSizeRel|x64
		{64E9948C-C47A-34B9-9C7A-DCA645712744}.MinSizeRel|x64.Build.0 = MinSizeRel|x64
		{64E9948C-C47A-34B9-9C7A-DCA645712744}.RelWithDebInfo|x64.ActiveCfg = RelWithDebInfo|x64
		{64E9948C-C47A-34B9-9C7A-DCA645712744}.RelWithDebInfo|x64.Build.0 = RelWithDebInfo|x64
		{31CA801B-04FC-3993-A362-8D75EC565EF1}.Debug|x64.ActiveCfg = Debug|x64
		{31CA801B-04FC-3993-A362-8D75EC565EF1}.Debug|x64.Build.0 = Debug|x64
		{31CA801B-04FC-3993-A362-8D75EC565EF1}.Release|x64.ActiveCfg = Release|x64
		{31CA801B-04FC-3993-A362-8D75EC565EF1}.Release|x64.Build.0 = Release|x64
		{31CA801B-04FC-3993-A362-8D75EC565EF1}.MinSizeRel|x64.ActiveCfg = MinSizeRel|x64
		{31CA801B-04FC-3993-A362-8D75EC565EF1}.MinSizeRel|x64.Build.0 = MinSizeRel|x64
		{31CA801B-04FC-3993-A362-8D75EC565EF1}.RelWithDebInfo|x64.ActiveCfg = RelWithDebInfo|x64
		{31CA801B-04FC-3993-A362-8D75EC565EF1}.RelWithDebInfo|x64.Build.0 = RelWithDebInfo|x64
	EndGlobalSection
	GlobalSection(ExtensibilityGlobals) = postSolution
	EndGlobalSection
	GlobalSection(ExtensibilityAddIns) = postSolution
	EndGlobalSection
EndGlobal
