Microsoft Visual Studio Solution File, Format Version 12.00
# Visual Studio 2013
Project("{8BC9CEB8-8B4A-11D0-8D11-00A0C91BC942}") = "ALL_BUILD", "ALL_BUILD.vcxproj", "{52DB8AEE-3627-3D08-856F-368B70DA26CE}"
	ProjectSection(ProjectDependencies) = postProject
		{5BBE97DB-A465-305A-80DA-71D0CB0AEB9D} = {5BBE97DB-A465-305A-80DA-71D0CB0AEB9D}
		{4EF9BDEE-8290-3DCE-836A-ACE51EEA06EF} = {4EF9BDEE-8290-3DCE-836A-ACE51EEA06EF}
		{9759BD2E-FC96-3D2A-846A-11CC48799498} = {9759BD2E-FC96-3D2A-846A-11CC48799498}
		{C042DE90-2719-3958-A070-C6507FAEF89E} = {C042DE90-2719-3958-A070-C6507FAEF89E}
		{30B29902-E6E8-35CB-BFE9-A9E186C80A24} = {30B29902-E6E8-35CB-BFE9-A9E186C80A24}
		{216790E8-90C7-3FDF-A13B-6C3834F8CA7F} = {216790E8-90C7-3FDF-A13B-6C3834F8CA7F}
		{52B3F7E2-87FD-38B3-9571-B7B9304FF9F7} = {52B3F7E2-87FD-38B3-9571-B7B9304FF9F7}
		{5B78DEAE-837A-3A91-A837-EDC3FD413109} = {5B78DEAE-837A-3A91-A837-EDC3FD413109}
		{07AD548D-A8AC-3B25-BA87-A32EA565A6F4} = {07AD548D-A8AC-3B25-BA87-A32EA565A6F4}
		{A6DD77C8-9C6C-365C-91CF-8FCCED9A8E0A} = {A6DD77C8-9C6C-365C-91CF-8FCCED9A8E0A}
		{64E9948C-C47A-34B9-9C7A-DCA645712744} = {64E9948C-C47A-34B9-9C7A-DCA645712744}
		{8C9A6C54-7C65-3CD7-9BA3-EF79FEB516A9} = {8C9A6C54-7C65-3CD7-9BA3-EF79FEB516A9}
		{2B9DA873-7949-36BD-A92D-6E4261E7C5F4} = {2B9DA873-7949-36BD-A92D-6E4261E7C5F4}
		{C77ED2E0-4792-387E-8201-C16F59E7DA4C} = {C77ED2E0-4792-387E-8201-C16F59E7DA4C}
		{E30ACF9A-7234-3D76-9BA8-26C54995437C} = {E30ACF9A-7234-3D76-9BA8-26C54995437C}
		{94B02838-C57B-3864-9C2A-80B37BB9C4CC} = {94B02838-C57B-3864-9C2A-80B37BB9C4CC}
		{86E56C90-756A-3754-890E-EEA5E7060533} = {86E56C90-756A-3754-890E-EEA5E7060533}
		{AC78B208-4386-3084-9FAB-0CA697951155} = {AC78B208-4386-3084-9FAB-0CA697951155}
		{5803E484-F81C-39CE-A09D-8B3B6B3F5674} = {5803E484-F81C-39CE-A09D-8B3B6B3F5674}
		{40F23099-A451-37A5-8D62-1C79308D57CD} = {40F23099-A451-37A5-8D62-1C79308D57CD}
		{DCE17B3A-94DF-35F7-B4EC-4D5C2ABCE805} = {DCE17B3A-94DF-35F7-B4EC-4D5C2ABCE805}
		{ACACAFF8-F9D7-3048-9863-F1F9339B1761} = {ACACAFF8-F9D7-3048-9863-F1F9339B1761}
		{96A995FF-7218-37B4-809A-917B28F6C350} = {96A995FF-7218-37B4-809A-917B28F6C350}
		{726CBE80-C06D-38E1-994E-6B6DF66EE8EF} = {726CBE80-C06D-38E1-994E-6B6DF66EE8EF}
		{822154A0-C023-3D91-B5BC-F17D75CF1682} = {822154A0-C023-3D91-B5BC-F17D75CF1682}
		{7200826E-8564-360B-8B09-87CBE0EEEB0A} = {7200826E-8564-360B-8B09-87CBE0EEEB0A}
		{7DE2F943-7037-3CA6-926F-2915BFAA733C} = {7DE2F943-7037-3CA6-926F-2915BFAA733C}
		{7C12277F-1D85-348B-B852-F16729ECC602} = {7C12277F-1D85-348B-B852-F16729ECC602}
		{6DA823FB-C2AD-3A90-B5BE-A5F43FDF9663} = {6DA823FB-C2AD-3A90-B5BE-A5F43FDF9663}
		{AC0954D8-381D-34EE-8A17-1CE0282B38EF} = {AC0954D8-381D-34EE-8A17-1CE0282B38EF}
		{6DB803ED-0FFD-337A-A03F-8668FC1C8870} = {6DB803ED-0FFD-337A-A03F-8668FC1C8870}
		{8822421F-E9F4-3A2A-A633-0CA52461D946} = {8822421F-E9F4-3A2A-A633-0CA52461D946}
		{31CA801B-04FC-3993-A362-8D75EC565EF1} = {31CA801B-04FC-3993-A362-8D75EC565EF1}
	EndProjectSection
EndProject
Project("{8BC9CEB8-8B4A-11D0-8D11-00A0C91BC942}") = "ZERO_CHECK", "ZERO_CHECK.vcxproj", "{5BBE97DB-A465-305A-80DA-71D0CB0AEB9D}"
	ProjectSection(ProjectDependencies) = postProject
	EndProjectSection
EndProject
Project("{8BC9CEB8-8B4A-11D0-8D11-00A0C91BC942}") = "eviewcomm", "common\eviewcomm\eviewcomm.vcxproj", "{4EF9BDEE-8290-3DCE-836A-ACE51EEA06EF}"
	ProjectSection(ProjectDependencies) = postProject
		{5BBE97DB-A465-305A-80DA-71D0CB0AEB9D} = {5BBE97DB-A465-305A-80DA-71D0CB0AEB9D}
	EndProjectSection
EndProject
Project("{8BC9CEB8-8B4A-11D0-8D11-00A0C91BC942}") = "exprcalc", "common\exprcalc\exprcalc.vcxproj", "{9759BD2E-FC96-3D2A-846A-11CC48799498}"
	ProjectSection(ProjectDependencies) = postProject
		{5BBE97DB-A465-305A-80DA-71D0CB0AEB9D} = {5BBE97DB-A465-305A-80DA-71D0CB0AEB9D}
	EndProjectSection
EndProject
Project("{8BC9CEB8-8B4A-11D0-8D11-00A0C91BC942}") = "pkdata", "common\pkdata\pkdata.vcxproj", "{C042DE90-2719-3958-A070-C6507FAEF89E}"
	ProjectSection(ProjectDependencies) = postProject
		{5BBE97DB-A465-305A-80DA-71D0CB0AEB9D} = {5BBE97DB-A465-305A-80DA-71D0CB0AEB9D}
	EndProjectSection
EndProject
Project("{8BC9CEB8-8B4A-11D0-8D11-00A0C91BC942}") = "pkdbtoeviewserver", "server\pkdbtoeviewserver\pkdbtoeviewserver.vcxproj", "{30B29902-E6E8-35CB-BFE9-A9E186C80A24}"
	ProjectSection(ProjectDependencies) = postProject
		{5BBE97DB-A465-305A-80DA-71D0CB0AEB9D} = {5BBE97DB-A465-305A-80DA-71D0CB0AEB9D}
		{C042DE90-2719-3958-A070-C6507FAEF89E} = {C042DE90-2719-3958-A070-C6507FAEF89E}
		{31CA801B-04FC-3993-A362-8D75EC565EF1} = {31CA801B-04FC-3993-A362-8D75EC565EF1}
	EndProjectSection
EndProject
Project("{8BC9CEB8-8B4A-11D0-8D11-00A0C91BC942}") = "pkdbtransferserver", "server\pkdbtransferserver\pkdbtransferserver.vcxproj", "{216790E8-90C7-3FDF-A13B-6C3834F8CA7F}"
	ProjectSection(ProjectDependencies) = postProject
		{5BBE97DB-A465-305A-80DA-71D0CB0AEB9D} = {5BBE97DB-A465-305A-80DA-71D0CB0AEB9D}
		{4EF9BDEE-8290-3DCE-836A-ACE51EEA06EF} = {4EF9BDEE-8290-3DCE-836A-ACE51EEA06EF}
		{C042DE90-2719-3958-A070-C6507FAEF89E} = {C042DE90-2719-3958-A070-C6507FAEF89E}
		{31CA801B-04FC-3993-A362-8D75EC565EF1} = {31CA801B-04FC-3993-A362-8D75EC565EF1}
	EndProjectSection
EndProject
Project("{8BC9CEB8-8B4A-11D0-8D11-00A0C91BC942}") = "pkdriver", "driversdk\pkdriver\pkdriver.vcxproj", "{52B3F7E2-87FD-38B3-9571-B7B9304FF9F7}"
	ProjectSection(ProjectDependencies) = postProject
		{5BBE97DB-A465-305A-80DA-71D0CB0AEB9D} = {5BBE97DB-A465-305A-80DA-71D0CB0AEB9D}
	EndProjectSection
EndProject
Project("{8BC9CEB8-8B4A-11D0-8D11-00A0C91BC942}") = "pkdrvcmn", "driversdk\pkdrvcmn\pkdrvcmn.vcxproj", "{5B78DEAE-837A-3A91-A837-EDC3FD413109}"
	ProjectSection(ProjectDependencies) = postProject
		{5BBE97DB-A465-305A-80DA-71D0CB0AEB9D} = {5BBE97DB-A465-305A-80DA-71D0CB0AEB9D}
		{4EF9BDEE-8290-3DCE-836A-ACE51EEA06EF} = {4EF9BDEE-8290-3DCE-836A-ACE51EEA06EF}
		{07AD548D-A8AC-3B25-BA87-A32EA565A6F4} = {07AD548D-A8AC-3B25-BA87-A32EA565A6F4}
		{A6DD77C8-9C6C-365C-91CF-8FCCED9A8E0A} = {A6DD77C8-9C6C-365C-91CF-8FCCED9A8E0A}
		{31CA801B-04FC-3993-A362-8D75EC565EF1} = {31CA801B-04FC-3993-A362-8D75EC565EF1}
	EndProjectSection
EndProject
Project("{8BC9CEB8-8B4A-11D0-8D11-00A0C91BC942}") = "pkdrvdatasync", "driversdk\iodatasync\iodatasyncimp\pkdrvdatasync.vcxproj", "{07AD548D-A8AC-3B25-BA87-A32EA565A6F4}"
	ProjectSection(ProjectDependencies) = postProject
		{5BBE97DB-A465-305A-80DA-71D0CB0AEB9D} = {5BBE97DB-A465-305A-80DA-71D0CB0AEB9D}
	EndProjectSection
EndProject
Project("{8BC9CEB8-8B4A-11D0-8D11-00A0C91BC942}") = "pkeviewdbapi", "common\pkeviewdbapi\pkeviewdbapi.vcxproj", "{A6DD77C8-9C6C-365C-91CF-8FCCED9A8E0A}"
	ProjectSection(ProjectDependencies) = postProject
		{5BBE97DB-A465-305A-80DA-71D0CB0AEB9D} = {5BBE97DB-A465-305A-80DA-71D0CB0AEB9D}
	EndProjectSection
EndProject
Project("{8BC9CEB8-8B4A-11D0-8D11-00A0C91BC942}") = "pkhisdataserver", "server\pkhisdataserver\pkhisdataserver.vcxproj", "{64E9948C-C47A-34B9-9C7A-DCA645712744}"
	ProjectSection(ProjectDependencies) = postProject
		{5BBE97DB-A465-305A-80DA-71D0CB0AEB9D} = {5BBE97DB-A465-305A-80DA-71D0CB0AEB9D}
		{4EF9BDEE-8290-3DCE-836A-ACE51EEA06EF} = {4EF9BDEE-8290-3DCE-836A-ACE51EEA06EF}
		{31CA801B-04FC-3993-A362-8D75EC565EF1} = {31CA801B-04FC-3993-A362-8D75EC565EF1}
	EndProjectSection
EndProject
Project("{8BC9CEB8-8B4A-11D0-8D11-00A0C91BC942}") = "pkhostservice", "server\pkHostService\pkhostservice.vcxproj", "{8C9A6C54-7C65-3CD7-9BA3-EF79FEB516A9}"
	ProjectSection(ProjectDependencies) = postProject
		{5BBE97DB-A465-305A-80DA-71D0CB0AEB9D} = {5BBE97DB-A465-305A-80DA-71D0CB0AEB9D}
		{A6DD77C8-9C6C-365C-91CF-8FCCED9A8E0A} = {A6DD77C8-9C6C-365C-91CF-8FCCED9A8E0A}
	EndProjectSection
EndProject
Project("{8BC9CEB8-8B4A-11D0-8D11-00A0C91BC942}") = "pkiobuffer", "common\pkiobuffer\pkiobuffer.vcxproj", "{2B9DA873-7949-36BD-A92D-6E4261E7C5F4}"
	ProjectSection(ProjectDependencies) = postProject
		{5BBE97DB-A465-305A-80DA-71D0CB0AEB9D} = {5BBE97DB-A465-305A-80DA-71D0CB0AEB9D}
	EndProjectSection
EndProject
Project("{8BC9CEB8-8B4A-11D0-8D11-00A0C91BC942}") = "pklinkact_poppage", "server\link\pklinkact_poppage\pklinkact_poppage.vcxproj", "{C77ED2E0-4792-387E-8201-C16F59E7DA4C}"
	ProjectSection(ProjectDependencies) = postProject
		{5BBE97DB-A465-305A-80DA-71D0CB0AEB9D} = {5BBE97DB-A465-305A-80DA-71D0CB0AEB9D}
		{31CA801B-04FC-3993-A362-8D75EC565EF1} = {31CA801B-04FC-3993-A362-8D75EC565EF1}
	EndProjectSection
EndProject
Project("{8BC9CEB8-8B4A-11D0-8D11-00A0C91BC942}") = "pklinkact_writetag_inturn", "server\link\pklinkact_writetag_inturn\pklinkact_writetag_inturn.vcxproj", "{E30ACF9A-7234-3D76-9BA8-26C54995437C}"
	ProjectSection(ProjectDependencies) = postProject
		{5BBE97DB-A465-305A-80DA-71D0CB0AEB9D} = {5BBE97DB-A465-305A-80DA-71D0CB0AEB9D}
		{C042DE90-2719-3958-A070-C6507FAEF89E} = {C042DE90-2719-3958-A070-C6507FAEF89E}
		{31CA801B-04FC-3993-A362-8D75EC565EF1} = {31CA801B-04FC-3993-A362-8D75EC565EF1}
	EndProjectSection
EndProject
Project("{8BC9CEB8-8B4A-11D0-8D11-00A0C91BC942}") = "pklinkact_writetag_multiple", "server\link\pklinkact_writetag_multiple\pklinkact_writetag_multiple.vcxproj", "{94B02838-C57B-3864-9C2A-80B37BB9C4CC}"
	ProjectSection(ProjectDependencies) = postProject
		{5BBE97DB-A465-305A-80DA-71D0CB0AEB9D} = {5BBE97DB-A465-305A-80DA-71D0CB0AEB9D}
		{C042DE90-2719-3958-A070-C6507FAEF89E} = {C042DE90-2719-3958-A070-C6507FAEF89E}
		{31CA801B-04FC-3993-A362-8D75EC565EF1} = {31CA801B-04FC-3993-A362-8D75EC565EF1}
	EndProjectSection
EndProject
Project("{8BC9CEB8-8B4A-11D0-8D11-00A0C91BC942}") = "pklinkact_writetag_single", "server\link\pklinkact_writetag_single\pklinkact_writetag_single.vcxproj", "{86E56C90-756A-3754-890E-EEA5E7060533}"
	ProjectSection(ProjectDependencies) = postProject
		{5BBE97DB-A465-305A-80DA-71D0CB0AEB9D} = {5BBE97DB-A465-305A-80DA-71D0CB0AEB9D}
		{C042DE90-2719-3958-A070-C6507FAEF89E} = {C042DE90-2719-3958-A070-C6507FAEF89E}
		{31CA801B-04FC-3993-A362-8D75EC565EF1} = {31CA801B-04FC-3993-A362-8D75EC565EF1}
	EndProjectSection
EndProject
Project("{8BC9CEB8-8B4A-11D0-8D11-00A0C91BC942}") = "pklinkevt_alarm", "server\link\pklinkevt_alarm\pklinkevt_alarm.vcxproj", "{AC78B208-4386-3084-9FAB-0CA697951155}"
	ProjectSection(ProjectDependencies) = postProject
		{5BBE97DB-A465-305A-80DA-71D0CB0AEB9D} = {5BBE97DB-A465-305A-80DA-71D0CB0AEB9D}
		{A6DD77C8-9C6C-365C-91CF-8FCCED9A8E0A} = {A6DD77C8-9C6C-365C-91CF-8FCCED9A8E0A}
		{31CA801B-04FC-3993-A362-8D75EC565EF1} = {31CA801B-04FC-3993-A362-8D75EC565EF1}
	EndProjectSection
EndProject
Project("{8BC9CEB8-8B4A-11D0-8D11-00A0C91BC942}") = "pklinkserver", "server\link\pklinkserver\pklinkserver.vcxproj", "{5803E484-F81C-39CE-A09D-8B3B6B3F5674}"
	ProjectSection(ProjectDependencies) = postProject
		{5BBE97DB-A465-305A-80DA-71D0CB0AEB9D} = {5BBE97DB-A465-305A-80DA-71D0CB0AEB9D}
		{A6DD77C8-9C6C-365C-91CF-8FCCED9A8E0A} = {A6DD77C8-9C6C-365C-91CF-8FCCED9A8E0A}
		{31CA801B-04FC-3993-A362-8D75EC565EF1} = {31CA801B-04FC-3993-A362-8D75EC565EF1}
	EndProjectSection
EndProject
Project("{8BC9CEB8-8B4A-11D0-8D11-00A0C91BC942}") = "pkmodbusdata", "server\pkmodserver\pkmodbusdata_eview\pkmodbusdata.vcxproj", "{40F23099-A451-37A5-8D62-1C79308D57CD}"
	ProjectSection(ProjectDependencies) = postProject
		{5BBE97DB-A465-305A-80DA-71D0CB0AEB9D} = {5BBE97DB-A465-305A-80DA-71D0CB0AEB9D}
		{C042DE90-2719-3958-A070-C6507FAEF89E} = {C042DE90-2719-3958-A070-C6507FAEF89E}
	EndProjectSection
EndProject
Project("{8BC9CEB8-8B4A-11D0-8D11-00A0C91BC942}") = "pkmodbusdata_sim", "server\pkmodserver\pkmodbusdata_sim\pkmodbusdata_sim.vcxproj", "{DCE17B3A-94DF-35F7-B4EC-4D5C2ABCE805}"
	ProjectSection(ProjectDependencies) = postProject
		{5BBE97DB-A465-305A-80DA-71D0CB0AEB9D} = {5BBE97DB-A465-305A-80DA-71D0CB0AEB9D}
	EndProjectSection
EndProject
Project("{8BC9CEB8-8B4A-11D0-8D11-00A0C91BC942}") = "pkmodbustcplib", "server\pkmodserver\pkmodbustcplib\pkmodbustcplib.vcxproj", "{ACACAFF8-F9D7-3048-9863-F1F9339B1761}"
	ProjectSection(ProjectDependencies) = postProject
		{5BBE97DB-A465-305A-80DA-71D0CB0AEB9D} = {5BBE97DB-A465-305A-80DA-71D0CB0AEB9D}
	EndProjectSection
EndProject
Project("{8BC9CEB8-8B4A-11D0-8D11-00A0C91BC942}") = "pkmodserver", "server\pkmodserver\pkmodserver\pkmodserver.vcxproj", "{96A995FF-7218-37B4-809A-917B28F6C350}"
	ProjectSection(ProjectDependencies) = postProject
		{5BBE97DB-A465-305A-80DA-71D0CB0AEB9D} = {5BBE97DB-A465-305A-80DA-71D0CB0AEB9D}
		{4EF9BDEE-8290-3DCE-836A-ACE51EEA06EF} = {4EF9BDEE-8290-3DCE-836A-ACE51EEA06EF}
		{A6DD77C8-9C6C-365C-91CF-8FCCED9A8E0A} = {A6DD77C8-9C6C-365C-91CF-8FCCED9A8E0A}
		{ACACAFF8-F9D7-3048-9863-F1F9339B1761} = {ACACAFF8-F9D7-3048-9863-F1F9339B1761}
	EndProjectSection
EndProject
Project("{8BC9CEB8-8B4A-11D0-8D11-00A0C91BC942}") = "pkmqttforwardserver", "server\pkmqttforwardserver\pkmqttforwardserver.vcxproj", "{726CBE80-C06D-38E1-994E-6B6DF66EE8EF}"
	ProjectSection(ProjectDependencies) = postProject
		{5BBE97DB-A465-305A-80DA-71D0CB0AEB9D} = {5BBE97DB-A465-305A-80DA-71D0CB0AEB9D}
		{C042DE90-2719-3958-A070-C6507FAEF89E} = {C042DE90-2719-3958-A070-C6507FAEF89E}
		{A6DD77C8-9C6C-365C-91CF-8FCCED9A8E0A} = {A6DD77C8-9C6C-365C-91CF-8FCCED9A8E0A}
		{31CA801B-04FC-3993-A362-8D75EC565EF1} = {31CA801B-04FC-3993-A362-8D75EC565EF1}
	EndProjectSection
EndProject
Project("{8BC9CEB8-8B4A-11D0-8D11-00A0C91BC942}") = "pknodeserver", "server\pknodeserver\pknodeserver.vcxproj", "{822154A0-C023-3D91-B5BC-F17D75CF1682}"
	ProjectSection(ProjectDependencies) = postProject
		{5BBE97DB-A465-305A-80DA-71D0CB0AEB9D} = {5BBE97DB-A465-305A-80DA-71D0CB0AEB9D}
		{4EF9BDEE-8290-3DCE-836A-ACE51EEA06EF} = {4EF9BDEE-8290-3DCE-836A-ACE51EEA06EF}
		{9759BD2E-FC96-3D2A-846A-11CC48799498} = {9759BD2E-FC96-3D2A-846A-11CC48799498}
		{07AD548D-A8AC-3B25-BA87-A32EA565A6F4} = {07AD548D-A8AC-3B25-BA87-A32EA565A6F4}
		{A6DD77C8-9C6C-365C-91CF-8FCCED9A8E0A} = {A6DD77C8-9C6C-365C-91CF-8FCCED9A8E0A}
		{31CA801B-04FC-3993-A362-8D75EC565EF1} = {31CA801B-04FC-3993-A362-8D75EC565EF1}
	EndProjectSection
EndProject
Project("{8BC9CEB8-8B4A-11D0-8D11-00A0C91BC942}") = "pkpyalarm", "server\link\pkpyalarm\pkpyalarm.vcxproj", "{7200826E-8564-360B-8B09-87CBE0EEEB0A}"
	ProjectSection(ProjectDependencies) = postProject
		{5BBE97DB-A465-305A-80DA-71D0CB0AEB9D} = {5BBE97DB-A465-305A-80DA-71D0CB0AEB9D}
		{A6DD77C8-9C6C-365C-91CF-8FCCED9A8E0A} = {A6DD77C8-9C6C-365C-91CF-8FCCED9A8E0A}
		{31CA801B-04FC-3993-A362-8D75EC565EF1} = {31CA801B-04FC-3993-A362-8D75EC565EF1}
	EndProjectSection
EndProject
Project("{8BC9CEB8-8B4A-11D0-8D11-00A0C91BC942}") = "pkservermgr_eview_cfggen", "common\servermgrcfggen\pkservermgr_eview_cfggen.vcxproj", "{7DE2F943-7037-3CA6-926F-2915BFAA733C}"
	ProjectSection(ProjectDependencies) = postProject
		{5BBE97DB-A465-305A-80DA-71D0CB0AEB9D} = {5BBE97DB-A465-305A-80DA-71D0CB0AEB9D}
		{4EF9BDEE-8290-3DCE-836A-ACE51EEA06EF} = {4EF9BDEE-8290-3DCE-836A-ACE51EEA06EF}
		{A6DD77C8-9C6C-365C-91CF-8FCCED9A8E0A} = {A6DD77C8-9C6C-365C-91CF-8FCCED9A8E0A}
	EndProjectSection
EndProject
Project("{8BC9CEB8-8B4A-11D0-8D11-00A0C91BC942}") = "pksync2uppernodeserver", "server\pksync2uppernodeserver\pksync2uppernodeserver.vcxproj", "{7C12277F-1D85-348B-B852-F16729ECC602}"
	ProjectSection(ProjectDependencies) = postProject
		{5BBE97DB-A465-305A-80DA-71D0CB0AEB9D} = {5BBE97DB-A465-305A-80DA-71D0CB0AEB9D}
		{C042DE90-2719-3958-A070-C6507FAEF89E} = {C042DE90-2719-3958-A070-C6507FAEF89E}
		{31CA801B-04FC-3993-A362-8D75EC565EF1} = {31CA801B-04FC-3993-A362-8D75EC565EF1}
	EndProjectSection
EndProject
Project("{8BC9CEB8-8B4A-11D0-8D11-00A0C91BC942}") = "pkuppernodeserver", "server\pkuppernodeserver\pkuppernodeserver.vcxproj", "{6DA823FB-C2AD-3A90-B5BE-A5F43FDF9663}"
	ProjectSection(ProjectDependencies) = postProject
		{5BBE97DB-A465-305A-80DA-71D0CB0AEB9D} = {5BBE97DB-A465-305A-80DA-71D0CB0AEB9D}
		{4EF9BDEE-8290-3DCE-836A-ACE51EEA06EF} = {4EF9BDEE-8290-3DCE-836A-ACE51EEA06EF}
		{07AD548D-A8AC-3B25-BA87-A32EA565A6F4} = {07AD548D-A8AC-3B25-BA87-A32EA565A6F4}
		{31CA801B-04FC-3993-A362-8D75EC565EF1} = {31CA801B-04FC-3993-A362-8D75EC565EF1}
	EndProjectSection
EndProject
Project("{8BC9CEB8-8B4A-11D0-8D11-00A0C91BC942}") = "procstatus2memdb", "common\servermgrprocstatus2memdb\procstatus2memdb.vcxproj", "{AC0954D8-381D-34EE-8A17-1CE0282B38EF}"
	ProjectSection(ProjectDependencies) = postProject
		{5BBE97DB-A465-305A-80DA-71D0CB0AEB9D} = {5BBE97DB-A465-305A-80DA-71D0CB0AEB9D}
	EndProjectSection
EndProject
Project("{8BC9CEB8-8B4A-11D0-8D11-00A0C91BC942}") = "pydata", "common\pydata\pydata.vcxproj", "{6DB803ED-0FFD-337A-A03F-8668FC1C8870}"
	ProjectSection(ProjectDependencies) = postProject
		{5BBE97DB-A465-305A-80DA-71D0CB0AEB9D} = {5BBE97DB-A465-305A-80DA-71D0CB0AEB9D}
		{C042DE90-2719-3958-A070-C6507FAEF89E} = {C042DE90-2719-3958-A070-C6507FAEF89E}
	EndProjectSection
EndProject
Project("{8BC9CEB8-8B4A-11D0-8D11-00A0C91BC942}") = "pydriver", "driversdk\pydrvhelper\pydriver.vcxproj", "{8822421F-E9F4-3A2A-A633-0CA52461D946}"
	ProjectSection(ProjectDependencies) = postProject
		{5BBE97DB-A465-305A-80DA-71D0CB0AEB9D} = {5BBE97DB-A465-305A-80DA-71D0CB0AEB9D}
		{4EF9BDEE-8290-3DCE-836A-ACE51EEA06EF} = {4EF9BDEE-8290-3DCE-836A-ACE51EEA06EF}
		{5B78DEAE-837A-3A91-A837-EDC3FD413109} = {5B78DEAE-837A-3A91-A837-EDC3FD413109}
		{07AD548D-A8AC-3B25-BA87-A32EA565A6F4} = {07AD548D-A8AC-3B25-BA87-A32EA565A6F4}
		{A6DD77C8-9C6C-365C-91CF-8FCCED9A8E0A} = {A6DD77C8-9C6C-365C-91CF-8FCCED9A8E0A}
		{31CA801B-04FC-3993-A362-8D75EC565EF1} = {31CA801B-04FC-3993-A362-8D75EC565EF1}
	EndProjectSection
EndProject
Project("{8BC9CEB8-8B4A-11D0-8D11-00A0C91BC942}") = "rmapi", "common\redundancy\rmapi\rmapi.vcxproj", "{31CA801B-04FC-3993-A362-8D75EC565EF1}"
	ProjectSection(ProjectDependencies) = postProject
		{5BBE97DB-A465-305A-80DA-71D0CB0AEB9D} = {5BBE97DB-A465-305A-80DA-71D0CB0AEB9D}
	EndProjectSection
EndProject
Global
	GlobalSection(SolutionConfigurationPlatforms) = preSolution
		Debug|x64 = Debug|x64
		Release|x64 = Release|x64
		MinSizeRel|x64 = MinSizeRel|x64
		RelWithDebInfo|x64 = RelWithDebInfo|x64
	EndGlobalSection
	GlobalSection(ProjectConfigurationPlatforms) = postSolution
		{52DB8AEE-3627-3D08-856F-368B70DA26CE}.Debug|x64.ActiveCfg = Debug|x64
		{52DB8AEE-3627-3D08-856F-368B70DA26CE}.Release|x64.ActiveCfg = Release|x64
		{52DB8AEE-3627-3D08-856F-368B70DA26CE}.MinSizeRel|x64.ActiveCfg = MinSizeRel|x64
		{52DB8AEE-3627-3D08-856F-368B70DA26CE}.RelWithDebInfo|x64.ActiveCfg = RelWithDebInfo|x64
		{5BBE97DB-A465-305A-80DA-71D0CB0AEB9D}.Debug|x64.ActiveCfg = Debug|x64
		{5BBE97DB-A465-305A-80DA-71D0CB0AEB9D}.Debug|x64.Build.0 = Debug|x64
		{5BBE97DB-A465-305A-80DA-71D0CB0AEB9D}.Release|x64.ActiveCfg = Release|x64
		{5BBE97DB-A465-305A-80DA-71D0CB0AEB9D}.Release|x64.Build.0 = Release|x64
		{5BBE97DB-A465-305A-80DA-71D0CB0AEB9D}.MinSizeRel|x64.ActiveCfg = MinSizeRel|x64
		{5BBE97DB-A465-305A-80DA-71D0CB0AEB9D}.MinSizeRel|x64.Build.0 = MinSizeRel|x64
		{5BBE97DB-A465-305A-80DA-71D0CB0AEB9D}.RelWithDebInfo|x64.ActiveCfg = RelWithDebInfo|x64
		{5BBE97DB-A465-305A-80DA-71D0CB0AEB9D}.RelWithDebInfo|x64.Build.0 = RelWithDebInfo|x64
		{4EF9BDEE-8290-3DCE-836A-ACE51EEA06EF}.Debug|x64.ActiveCfg = Debug|x64
		{4EF9BDEE-8290-3DCE-836A-ACE51EEA06EF}.Debug|x64.Build.0 = Debug|x64
		{4EF9BDEE-8290-3DCE-836A-ACE51EEA06EF}.Release|x64.ActiveCfg = Release|x64
		{4EF9BDEE-8290-3DCE-836A-ACE51EEA06EF}.Release|x64.Build.0 = Release|x64
		{4EF9BDEE-8290-3DCE-836A-ACE51EEA06EF}.MinSizeRel|x64.ActiveCfg = MinSizeRel|x64
		{4EF9BDEE-8290-3DCE-836A-ACE51EEA06EF}.MinSizeRel|x64.Build.0 = MinSizeRel|x64
		{4EF9BDEE-8290-3DCE-836A-ACE51EEA06EF}.RelWithDebInfo|x64.ActiveCfg = RelWithDebInfo|x64
		{4EF9BDEE-8290-3DCE-836A-ACE51EEA06EF}.RelWithDebInfo|x64.Build.0 = RelWithDebInfo|x64
		{9759BD2E-FC96-3D2A-846A-11CC48799498}.Debug|x64.ActiveCfg = Debug|x64
		{9759BD2E-FC96-3D2A-846A-11CC48799498}.Debug|x64.Build.0 = Debug|x64
		{9759BD2E-FC96-3D2A-846A-11CC48799498}.Release|x64.ActiveCfg = Release|x64
		{9759BD2E-FC96-3D2A-846A-11CC48799498}.Release|x64.Build.0 = Release|x64
		{9759BD2E-FC96-3D2A-846A-11CC48799498}.MinSizeRel|x64.ActiveCfg = MinSizeRel|x64
		{9759BD2E-FC96-3D2A-846A-11CC48799498}.MinSizeRel|x64.Build.0 = MinSizeRel|x64
		{9759BD2E-FC96-3D2A-846A-11CC48799498}.RelWithDebInfo|x64.ActiveCfg = RelWithDebInfo|x64
		{9759BD2E-FC96-3D2A-846A-11CC48799498}.RelWithDebInfo|x64.Build.0 = RelWithDebInfo|x64
		{C042DE90-2719-3958-A070-C6507FAEF89E}.Debug|x64.ActiveCfg = Debug|x64
		{C042DE90-2719-3958-A070-C6507FAEF89E}.Debug|x64.Build.0 = Debug|x64
		{C042DE90-2719-3958-A070-C6507FAEF89E}.Release|x64.ActiveCfg = Release|x64
		{C042DE90-2719-3958-A070-C6507FAEF89E}.Release|x64.Build.0 = Release|x64
		{C042DE90-2719-3958-A070-C6507FAEF89E}.MinSizeRel|x64.ActiveCfg = MinSizeRel|x64
		{C042DE90-2719-3958-A070-C6507FAEF89E}.MinSizeRel|x64.Build.0 = MinSizeRel|x64
		{C042DE90-2719-3958-A070-C6507FAEF89E}.RelWithDebInfo|x64.ActiveCfg = RelWithDebInfo|x64
		{C042DE90-2719-3958-A070-C6507FAEF89E}.RelWithDebInfo|x64.Build.0 = RelWithDebInfo|x64
		{30B29902-E6E8-35CB-BFE9-A9E186C80A24}.Debug|x64.ActiveCfg = Debug|x64
		{30B29902-E6E8-35CB-BFE9-A9E186C80A24}.Debug|x64.Build.0 = Debug|x64
		{30B29902-E6E8-35CB-BFE9-A9E186C80A24}.Release|x64.ActiveCfg = Release|x64
		{30B29902-E6E8-35CB-BFE9-A9E186C80A24}.Release|x64.Build.0 = Release|x64
		{30B29902-E6E8-35CB-BFE9-A9E186C80A24}.MinSizeRel|x64.ActiveCfg = MinSizeRel|x64
		{30B29902-E6E8-35CB-BFE9-A9E186C80A24}.MinSizeRel|x64.Build.0 = MinSizeRel|x64
		{30B29902-E6E8-35CB-BFE9-A9E186C80A24}.RelWithDebInfo|x64.ActiveCfg = RelWithDebInfo|x64
		{30B29902-E6E8-35CB-BFE9-A9E186C80A24}.RelWithDebInfo|x64.Build.0 = RelWithDebInfo|x64
		{216790E8-90C7-3FDF-A13B-6C3834F8CA7F}.Debug|x64.ActiveCfg = Debug|x64
		{216790E8-90C7-3FDF-A13B-6C3834F8CA7F}.Debug|x64.Build.0 = Debug|x64
		{216790E8-90C7-3FDF-A13B-6C3834F8CA7F}.Release|x64.ActiveCfg = Release|x64
		{216790E8-90C7-3FDF-A13B-6C3834F8CA7F}.Release|x64.Build.0 = Release|x64
		{216790E8-90C7-3FDF-A13B-6C3834F8CA7F}.MinSizeRel|x64.ActiveCfg = MinSizeRel|x64
		{216790E8-90C7-3FDF-A13B-6C3834F8CA7F}.MinSizeRel|x64.Build.0 = MinSizeRel|x64
		{216790E8-90C7-3FDF-A13B-6C3834F8CA7F}.RelWithDebInfo|x64.ActiveCfg = RelWithDebInfo|x64
		{216790E8-90C7-3FDF-A13B-6C3834F8CA7F}.RelWithDebInfo|x64.Build.0 = RelWithDebInfo|x64
		{52B3F7E2-87FD-38B3-9571-B7B9304FF9F7}.Debug|x64.ActiveCfg = Debug|x64
		{52B3F7E2-87FD-38B3-9571-B7B9304FF9F7}.Debug|x64.Build.0 = Debug|x64
		{52B3F7E2-87FD-38B3-9571-B7B9304FF9F7}.Release|x64.ActiveCfg = Release|x64
		{52B3F7E2-87FD-38B3-9571-B7B9304FF9F7}.Release|x64.Build.0 = Release|x64
		{52B3F7E2-87FD-38B3-9571-B7B9304FF9F7}.MinSizeRel|x64.ActiveCfg = MinSizeRel|x64
		{52B3F7E2-87FD-38B3-9571-B7B9304FF9F7}.MinSizeRel|x64.Build.0 = MinSizeRel|x64
		{52B3F7E2-87FD-38B3-9571-B7B9304FF9F7}.RelWithDebInfo|x64.ActiveCfg = RelWithDebInfo|x64
		{52B3F7E2-87FD-38B3-9571-B7B9304FF9F7}.RelWithDebInfo|x64.Build.0 = RelWithDebInfo|x64
		{5B78DEAE-837A-3A91-A837-EDC3FD413109}.Debug|x64.ActiveCfg = Debug|x64
		{5B78DEAE-837A-3A91-A837-EDC3FD413109}.Debug|x64.Build.0 = Debug|x64
		{5B78DEAE-837A-3A91-A837-EDC3FD413109}.Release|x64.ActiveCfg = Release|x64
		{5B78DEAE-837A-3A91-A837-EDC3FD413109}.Release|x64.Build.0 = Release|x64
		{5B78DEAE-837A-3A91-A837-EDC3FD413109}.MinSizeRel|x64.ActiveCfg = MinSizeRel|x64
		{5B78DEAE-837A-3A91-A837-EDC3FD413109}.MinSizeRel|x64.Build.0 = MinSizeRel|x64
		{5B78DEAE-837A-3A91-A837-EDC3FD413109}.RelWithDebInfo|x64.ActiveCfg = RelWithDebInfo|x64
		{5B78DEAE-837A-3A91-A837-EDC3FD413109}.RelWithDebInfo|x64.Build.0 = RelWithDebInfo|x64
		{07AD548D-A8AC-3B25-BA87-A32EA565A6F4}.Debug|x64.ActiveCfg = Debug|x64
		{07AD548D-A8AC-3B25-BA87-A32EA565A6F4}.Debug|x64.Build.0 = Debug|x64
		{07AD548D-A8AC-3B25-BA87-A32EA565A6F4}.Release|x64.ActiveCfg = Release|x64
		{07AD548D-A8AC-3B25-BA87-A32EA565A6F4}.Release|x64.Build.0 = Release|x64
		{07AD548D-A8AC-3B25-BA87-A32EA565A6F4}.MinSizeRel|x64.ActiveCfg = MinSizeRel|x64
		{07AD548D-A8AC-3B25-BA87-A32EA565A6F4}.MinSizeRel|x64.Build.0 = MinSizeRel|x64
		{07AD548D-A8AC-3B25-BA87-A32EA565A6F4}.RelWithDebInfo|x64.ActiveCfg = RelWithDebInfo|x64
		{07AD548D-A8AC-3B25-BA87-A32EA565A6F4}.RelWithDebInfo|x64.Build.0 = RelWithDebInfo|x64
		{A6DD77C8-9C6C-365C-91CF-8FCCED9A8E0A}.Debug|x64.ActiveCfg = Debug|x64
		{A6DD77C8-9C6C-365C-91CF-8FCCED9A8E0A}.Debug|x64.Build.0 = Debug|x64
		{A6DD77C8-9C6C-365C-91CF-8FCCED9A8E0A}.Release|x64.ActiveCfg = Release|x64
		{A6DD77C8-9C6C-365C-91CF-8FCCED9A8E0A}.Release|x64.Build.0 = Release|x64
		{A6DD77C8-9C6C-365C-91CF-8FCCED9A8E0A}.MinSizeRel|x64.ActiveCfg = MinSizeRel|x64
		{A6DD77C8-9C6C-365C-91CF-8FCCED9A8E0A}.MinSizeRel|x64.Build.0 = MinSizeRel|x64
		{A6DD77C8-9C6C-365C-91CF-8FCCED9A8E0A}.RelWithDebInfo|x64.ActiveCfg = RelWithDebInfo|x64
		{A6DD77C8-9C6C-365C-91CF-8FCCED9A8E0A}.RelWithDebInfo|x64.Build.0 = RelWithDebInfo|x64
		{64E9948C-C47A-34B9-9C7A-DCA645712744}.Debug|x64.ActiveCfg = Debug|x64
		{64E9948C-C47A-34B9-9C7A-DCA645712744}.Debug|x64.Build.0 = Debug|x64
		{64E9948C-C47A-34B9-9C7A-DCA645712744}.Release|x64.ActiveCfg = Release|x64
		{64E9948C-C47A-34B9-9C7A-DCA645712744}.Release|x64.Build.0 = Release|x64
		{64E9948C-C47A-34B9-9C7A-DCA645712744}.MinSizeRel|x64.ActiveCfg = MinSizeRel|x64
		{64E9948C-C47A-34B9-9C7A-DCA645712744}.MinSizeRel|x64.Build.0 = MinSizeRel|x64
		{64E9948C-C47A-34B9-9C7A-DCA645712744}.RelWithDebInfo|x64.ActiveCfg = RelWithDebInfo|x64
		{64E9948C-C47A-34B9-9C7A-DCA645712744}.RelWithDebInfo|x64.Build.0 = RelWithDebInfo|x64
		{8C9A6C54-7C65-3CD7-9BA3-EF79FEB516A9}.Debug|x64.ActiveCfg = Debug|x64
		{8C9A6C54-7C65-3CD7-9BA3-EF79FEB516A9}.Debug|x64.Build.0 = Debug|x64
		{8C9A6C54-7C65-3CD7-9BA3-EF79FEB516A9}.Release|x64.ActiveCfg = Release|x64
		{8C9A6C54-7C65-3CD7-9BA3-EF79FEB516A9}.Release|x64.Build.0 = Release|x64
		{8C9A6C54-7C65-3CD7-9BA3-EF79FEB516A9}.MinSizeRel|x64.ActiveCfg = MinSizeRel|x64
		{8C9A6C54-7C65-3CD7-9BA3-EF79FEB516A9}.MinSizeRel|x64.Build.0 = MinSizeRel|x64
		{8C9A6C54-7C65-3CD7-9BA3-EF79FEB516A9}.RelWithDebInfo|x64.ActiveCfg = RelWithDebInfo|x64
		{8C9A6C54-7C65-3CD7-9BA3-EF79FEB516A9}.RelWithDebInfo|x64.Build.0 = RelWithDebInfo|x64
		{2B9DA873-7949-36BD-A92D-6E4261E7C5F4}.Debug|x64.ActiveCfg = Debug|x64
		{2B9DA873-7949-36BD-A92D-6E4261E7C5F4}.Debug|x64.Build.0 = Debug|x64
		{2B9DA873-7949-36BD-A92D-6E4261E7C5F4}.Release|x64.ActiveCfg = Release|x64
		{2B9DA873-7949-36BD-A92D-6E4261E7C5F4}.Release|x64.Build.0 = Release|x64
		{2B9DA873-7949-36BD-A92D-6E4261E7C5F4}.MinSizeRel|x64.ActiveCfg = MinSizeRel|x64
		{2B9DA873-7949-36BD-A92D-6E4261E7C5F4}.MinSizeRel|x64.Build.0 = MinSizeRel|x64
		{2B9DA873-7949-36BD-A92D-6E4261E7C5F4}.RelWithDebInfo|x64.ActiveCfg = RelWithDebInfo|x64
		{2B9DA873-7949-36BD-A92D-6E4261E7C5F4}.RelWithDebInfo|x64.Build.0 = RelWithDebInfo|x64
		{C77ED2E0-4792-387E-8201-C16F59E7DA4C}.Debug|x64.ActiveCfg = Debug|x64
		{C77ED2E0-4792-387E-8201-C16F59E7DA4C}.Debug|x64.Build.0 = Debug|x64
		{C77ED2E0-4792-387E-8201-C16F59E7DA4C}.Release|x64.ActiveCfg = Release|x64
		{C77ED2E0-4792-387E-8201-C16F59E7DA4C}.Release|x64.Build.0 = Release|x64
		{C77ED2E0-4792-387E-8201-C16F59E7DA4C}.MinSizeRel|x64.ActiveCfg = MinSizeRel|x64
		{C77ED2E0-4792-387E-8201-C16F59E7DA4C}.MinSizeRel|x64.Build.0 = MinSizeRel|x64
		{C77ED2E0-4792-387E-8201-C16F59E7DA4C}.RelWithDebInfo|x64.ActiveCfg = RelWithDebInfo|x64
		{C77ED2E0-4792-387E-8201-C16F59E7DA4C}.RelWithDebInfo|x64.Build.0 = RelWithDebInfo|x64
		{E30ACF9A-7234-3D76-9BA8-26C54995437C}.Debug|x64.ActiveCfg = Debug|x64
		{E30ACF9A-7234-3D76-9BA8-26C54995437C}.Debug|x64.Build.0 = Debug|x64
		{E30ACF9A-7234-3D76-9BA8-26C54995437C}.Release|x64.ActiveCfg = Release|x64
		{E30ACF9A-7234-3D76-9BA8-26C54995437C}.Release|x64.Build.0 = Release|x64
		{E30ACF9A-7234-3D76-9BA8-26C54995437C}.MinSizeRel|x64.ActiveCfg = MinSizeRel|x64
		{E30ACF9A-7234-3D76-9BA8-26C54995437C}.MinSizeRel|x64.Build.0 = MinSizeRel|x64
		{E30ACF9A-7234-3D76-9BA8-26C54995437C}.RelWithDebInfo|x64.ActiveCfg = RelWithDebInfo|x64
		{E30ACF9A-7234-3D76-9BA8-26C54995437C}.RelWithDebInfo|x64.Build.0 = RelWithDebInfo|x64
		{94B02838-C57B-3864-9C2A-80B37BB9C4CC}.Debug|x64.ActiveCfg = Debug|x64
		{94B02838-C57B-3864-9C2A-80B37BB9C4CC}.Debug|x64.Build.0 = Debug|x64
		{94B02838-C57B-3864-9C2A-80B37BB9C4CC}.Release|x64.ActiveCfg = Release|x64
		{94B02838-C57B-3864-9C2A-80B37BB9C4CC}.Release|x64.Build.0 = Release|x64
		{94B02838-C57B-3864-9C2A-80B37BB9C4CC}.MinSizeRel|x64.ActiveCfg = MinSizeRel|x64
		{94B02838-C57B-3864-9C2A-80B37BB9C4CC}.MinSizeRel|x64.Build.0 = MinSizeRel|x64
		{94B02838-C57B-3864-9C2A-80B37BB9C4CC}.RelWithDebInfo|x64.ActiveCfg = RelWithDebInfo|x64
		{94B02838-C57B-3864-9C2A-80B37BB9C4CC}.RelWithDebInfo|x64.Build.0 = RelWithDebInfo|x64
		{86E56C90-756A-3754-890E-EEA5E7060533}.Debug|x64.ActiveCfg = Debug|x64
		{86E56C90-756A-3754-890E-EEA5E7060533}.Debug|x64.Build.0 = Debug|x64
		{86E56C90-756A-3754-890E-EEA5E7060533}.Release|x64.ActiveCfg = Release|x64
		{86E56C90-756A-3754-890E-EEA5E7060533}.Release|x64.Build.0 = Release|x64
		{86E56C90-756A-3754-890E-EEA5E7060533}.MinSizeRel|x64.ActiveCfg = MinSizeRel|x64
		{86E56C90-756A-3754-890E-EEA5E7060533}.MinSizeRel|x64.Build.0 = MinSizeRel|x64
		{86E56C90-756A-3754-890E-EEA5E7060533}.RelWithDebInfo|x64.ActiveCfg = RelWithDebInfo|x64
		{86E56C90-756A-3754-890E-EEA5E7060533}.RelWithDebInfo|x64.Build.0 = RelWithDebInfo|x64
		{AC78B208-4386-3084-9FAB-0CA697951155}.Debug|x64.ActiveCfg = Debug|x64
		{AC78B208-4386-3084-9FAB-0CA697951155}.Debug|x64.Build.0 = Debug|x64
		{AC78B208-4386-3084-9FAB-0CA697951155}.Release|x64.ActiveCfg = Release|x64
		{AC78B208-4386-3084-9FAB-0CA697951155}.Release|x64.Build.0 = Release|x64
		{AC78B208-4386-3084-9FAB-0CA697951155}.MinSizeRel|x64.ActiveCfg = MinSizeRel|x64
		{AC78B208-4386-3084-9FAB-0CA697951155}.MinSizeRel|x64.Build.0 = MinSizeRel|x64
		{AC78B208-4386-3084-9FAB-0CA697951155}.RelWithDebInfo|x64.ActiveCfg = RelWithDebInfo|x64
		{AC78B208-4386-3084-9FAB-0CA697951155}.RelWithDebInfo|x64.Build.0 = RelWithDebInfo|x64
		{5803E484-F81C-39CE-A09D-8B3B6B3F5674}.Debug|x64.ActiveCfg = Debug|x64
		{5803E484-F81C-39CE-A09D-8B3B6B3F5674}.Debug|x64.Build.0 = Debug|x64
		{5803E484-F81C-39CE-A09D-8B3B6B3F5674}.Release|x64.ActiveCfg = Release|x64
		{5803E484-F81C-39CE-A09D-8B3B6B3F5674}.Release|x64.Build.0 = Release|x64
		{5803E484-F81C-39CE-A09D-8B3B6B3F5674}.MinSizeRel|x64.ActiveCfg = MinSizeRel|x64
		{5803E484-F81C-39CE-A09D-8B3B6B3F5674}.MinSizeRel|x64.Build.0 = MinSizeRel|x64
		{5803E484-F81C-39CE-A09D-8B3B6B3F5674}.RelWithDebInfo|x64.ActiveCfg = RelWithDebInfo|x64
		{5803E484-F81C-39CE-A09D-8B3B6B3F5674}.RelWithDebInfo|x64.Build.0 = RelWithDebInfo|x64
		{40F23099-A451-37A5-8D62-1C79308D57CD}.Debug|x64.ActiveCfg = Debug|x64
		{40F23099-A451-37A5-8D62-1C79308D57CD}.Debug|x64.Build.0 = Debug|x64
		{40F23099-A451-37A5-8D62-1C79308D57CD}.Release|x64.ActiveCfg = Release|x64
		{40F23099-A451-37A5-8D62-1C79308D57CD}.Release|x64.Build.0 = Release|x64
		{40F23099-A451-37A5-8D62-1C79308D57CD}.MinSizeRel|x64.ActiveCfg = MinSizeRel|x64
		{40F23099-A451-37A5-8D62-1C79308D57CD}.MinSizeRel|x64.Build.0 = MinSizeRel|x64
		{40F23099-A451-37A5-8D62-1C79308D57CD}.RelWithDebInfo|x64.ActiveCfg = RelWithDebInfo|x64
		{40F23099-A451-37A5-8D62-1C79308D57CD}.RelWithDebInfo|x64.Build.0 = RelWithDebInfo|x64
		{DCE17B3A-94DF-35F7-B4EC-4D5C2ABCE805}.Debug|x64.ActiveCfg = Debug|x64
		{DCE17B3A-94DF-35F7-B4EC-4D5C2ABCE805}.Debug|x64.Build.0 = Debug|x64
		{DCE17B3A-94DF-35F7-B4EC-4D5C2ABCE805}.Release|x64.ActiveCfg = Release|x64
		{DCE17B3A-94DF-35F7-B4EC-4D5C2ABCE805}.Release|x64.Build.0 = Release|x64
		{DCE17B3A-94DF-35F7-B4EC-4D5C2ABCE805}.MinSizeRel|x64.ActiveCfg = MinSizeRel|x64
		{DCE17B3A-94DF-35F7-B4EC-4D5C2ABCE805}.MinSizeRel|x64.Build.0 = MinSizeRel|x64
		{DCE17B3A-94DF-35F7-B4EC-4D5C2ABCE805}.RelWithDebInfo|x64.ActiveCfg = RelWithDebInfo|x64
		{DCE17B3A-94DF-35F7-B4EC-4D5C2ABCE805}.RelWithDebInfo|x64.Build.0 = RelWithDebInfo|x64
		{ACACAFF8-F9D7-3048-9863-F1F9339B1761}.Debug|x64.ActiveCfg = Debug|x64
		{ACACAFF8-F9D7-3048-9863-F1F9339B1761}.Debug|x64.Build.0 = Debug|x64
		{ACACAFF8-F9D7-3048-9863-F1F9339B1761}.Release|x64.ActiveCfg = Release|x64
		{ACACAFF8-F9D7-3048-9863-F1F9339B1761}.Release|x64.Build.0 = Release|x64
		{ACACAFF8-F9D7-3048-9863-F1F9339B1761}.MinSizeRel|x64.ActiveCfg = MinSizeRel|x64
		{ACACAFF8-F9D7-3048-9863-F1F9339B1761}.MinSizeRel|x64.Build.0 = MinSizeRel|x64
		{ACACAFF8-F9D7-3048-9863-F1F9339B1761}.RelWithDebInfo|x64.ActiveCfg = RelWithDebInfo|x64
		{ACACAFF8-F9D7-3048-9863-F1F9339B1761}.RelWithDebInfo|x64.Build.0 = RelWithDebInfo|x64
		{96A995FF-7218-37B4-809A-917B28F6C350}.Debug|x64.ActiveCfg = Debug|x64
		{96A995FF-7218-37B4-809A-917B28F6C350}.Debug|x64.Build.0 = Debug|x64
		{96A995FF-7218-37B4-809A-917B28F6C350}.Release|x64.ActiveCfg = Release|x64
		{96A995FF-7218-37B4-809A-917B28F6C350}.Release|x64.Build.0 = Release|x64
		{96A995FF-7218-37B4-809A-917B28F6C350}.MinSizeRel|x64.ActiveCfg = MinSizeRel|x64
		{96A995FF-7218-37B4-809A-917B28F6C350}.MinSizeRel|x64.Build.0 = MinSizeRel|x64
		{96A995FF-7218-37B4-809A-917B28F6C350}.RelWithDebInfo|x64.ActiveCfg = RelWithDebInfo|x64
		{96A995FF-7218-37B4-809A-917B28F6C350}.RelWithDebInfo|x64.Build.0 = RelWithDebInfo|x64
		{726CBE80-C06D-38E1-994E-6B6DF66EE8EF}.Debug|x64.ActiveCfg = Debug|x64
		{726CBE80-C06D-38E1-994E-6B6DF66EE8EF}.Debug|x64.Build.0 = Debug|x64
		{726CBE80-C06D-38E1-994E-6B6DF66EE8EF}.Release|x64.ActiveCfg = Release|x64
		{726CBE80-C06D-38E1-994E-6B6DF66EE8EF}.Release|x64.Build.0 = Release|x64
		{726CBE80-C06D-38E1-994E-6B6DF66EE8EF}.MinSizeRel|x64.ActiveCfg = MinSizeRel|x64
		{726CBE80-C06D-38E1-994E-6B6DF66EE8EF}.MinSizeRel|x64.Build.0 = MinSizeRel|x64
		{726CBE80-C06D-38E1-994E-6B6DF66EE8EF}.RelWithDebInfo|x64.ActiveCfg = RelWithDebInfo|x64
		{726CBE80-C06D-38E1-994E-6B6DF66EE8EF}.RelWithDebInfo|x64.Build.0 = RelWithDebInfo|x64
		{822154A0-C023-3D91-B5BC-F17D75CF1682}.Debug|x64.ActiveCfg = Debug|x64
		{822154A0-C023-3D91-B5BC-F17D75CF1682}.Debug|x64.Build.0 = Debug|x64
		{822154A0-C023-3D91-B5BC-F17D75CF1682}.Release|x64.ActiveCfg = Release|x64
		{822154A0-C023-3D91-B5BC-F17D75CF1682}.Release|x64.Build.0 = Release|x64
		{822154A0-C023-3D91-B5BC-F17D75CF1682}.MinSizeRel|x64.ActiveCfg = MinSizeRel|x64
		{822154A0-C023-3D91-B5BC-F17D75CF1682}.MinSizeRel|x64.Build.0 = MinSizeRel|x64
		{822154A0-C023-3D91-B5BC-F17D75CF1682}.RelWithDebInfo|x64.ActiveCfg = RelWithDebInfo|x64
		{822154A0-C023-3D91-B5BC-F17D75CF1682}.RelWithDebInfo|x64.Build.0 = RelWithDebInfo|x64
		{7200826E-8564-360B-8B09-87CBE0EEEB0A}.Debug|x64.ActiveCfg = Debug|x64
		{7200826E-8564-360B-8B09-87CBE0EEEB0A}.Debug|x64.Build.0 = Debug|x64
		{7200826E-8564-360B-8B09-87CBE0EEEB0A}.Release|x64.ActiveCfg = Release|x64
		{7200826E-8564-360B-8B09-87CBE0EEEB0A}.Release|x64.Build.0 = Release|x64
		{7200826E-8564-360B-8B09-87CBE0EEEB0A}.MinSizeRel|x64.ActiveCfg = MinSizeRel|x64
		{7200826E-8564-360B-8B09-87CBE0EEEB0A}.MinSizeRel|x64.Build.0 = MinSizeRel|x64
		{7200826E-8564-360B-8B09-87CBE0EEEB0A}.RelWithDebInfo|x64.ActiveCfg = RelWithDebInfo|x64
		{7200826E-8564-360B-8B09-87CBE0EEEB0A}.RelWithDebInfo|x64.Build.0 = RelWithDebInfo|x64
		{7DE2F943-7037-3CA6-926F-2915BFAA733C}.Debug|x64.ActiveCfg = Debug|x64
		{7DE2F943-7037-3CA6-926F-2915BFAA733C}.Debug|x64.Build.0 = Debug|x64
		{7DE2F943-7037-3CA6-926F-2915BFAA733C}.Release|x64.ActiveCfg = Release|x64
		{7DE2F943-7037-3CA6-926F-2915BFAA733C}.Release|x64.Build.0 = Release|x64
		{7DE2F943-7037-3CA6-926F-2915BFAA733C}.MinSizeRel|x64.ActiveCfg = MinSizeRel|x64
		{7DE2F943-7037-3CA6-926F-2915BFAA733C}.MinSizeRel|x64.Build.0 = MinSizeRel|x64
		{7DE2F943-7037-3CA6-926F-2915BFAA733C}.RelWithDebInfo|x64.ActiveCfg = RelWithDebInfo|x64
		{7DE2F943-7037-3CA6-926F-2915BFAA733C}.RelWithDebInfo|x64.Build.0 = RelWithDebInfo|x64
		{7C12277F-1D85-348B-B852-F16729ECC602}.Debug|x64.ActiveCfg = Debug|x64
		{7C12277F-1D85-348B-B852-F16729ECC602}.Debug|x64.Build.0 = Debug|x64
		{7C12277F-1D85-348B-B852-F16729ECC602}.Release|x64.ActiveCfg = Release|x64
		{7C12277F-1D85-348B-B852-F16729ECC602}.Release|x64.Build.0 = Release|x64
		{7C12277F-1D85-348B-B852-F16729ECC602}.MinSizeRel|x64.ActiveCfg = MinSizeRel|x64
		{7C12277F-1D85-348B-B852-F16729ECC602}.MinSizeRel|x64.Build.0 = MinSizeRel|x64
		{7C12277F-1D85-348B-B852-F16729ECC602}.RelWithDebInfo|x64.ActiveCfg = RelWithDebInfo|x64
		{7C12277F-1D85-348B-B852-F16729ECC602}.RelWithDebInfo|x64.Build.0 = RelWithDebInfo|x64
		{6DA823FB-C2AD-3A90-B5BE-A5F43FDF9663}.Debug|x64.ActiveCfg = Debug|x64
		{6DA823FB-C2AD-3A90-B5BE-A5F43FDF9663}.Debug|x64.Build.0 = Debug|x64
		{6DA823FB-C2AD-3A90-B5BE-A5F43FDF9663}.Release|x64.ActiveCfg = Release|x64
		{6DA823FB-C2AD-3A90-B5BE-A5F43FDF9663}.Release|x64.Build.0 = Release|x64
		{6DA823FB-C2AD-3A90-B5BE-A5F43FDF9663}.MinSizeRel|x64.ActiveCfg = MinSizeRel|x64
		{6DA823FB-C2AD-3A90-B5BE-A5F43FDF9663}.MinSizeRel|x64.Build.0 = MinSizeRel|x64
		{6DA823FB-C2AD-3A90-B5BE-A5F43FDF9663}.RelWithDebInfo|x64.ActiveCfg = RelWithDebInfo|x64
		{6DA823FB-C2AD-3A90-B5BE-A5F43FDF9663}.RelWithDebInfo|x64.Build.0 = RelWithDebInfo|x64
		{AC0954D8-381D-34EE-8A17-1CE0282B38EF}.Debug|x64.ActiveCfg = Debug|x64
		{AC0954D8-381D-34EE-8A17-1CE0282B38EF}.Debug|x64.Build.0 = Debug|x64
		{AC0954D8-381D-34EE-8A17-1CE0282B38EF}.Release|x64.ActiveCfg = Release|x64
		{AC0954D8-381D-34EE-8A17-1CE0282B38EF}.Release|x64.Build.0 = Release|x64
		{AC0954D8-381D-34EE-8A17-1CE0282B38EF}.MinSizeRel|x64.ActiveCfg = MinSizeRel|x64
		{AC0954D8-381D-34EE-8A17-1CE0282B38EF}.MinSizeRel|x64.Build.0 = MinSizeRel|x64
		{AC0954D8-381D-34EE-8A17-1CE0282B38EF}.RelWithDebInfo|x64.ActiveCfg = RelWithDebInfo|x64
		{AC0954D8-381D-34EE-8A17-1CE0282B38EF}.RelWithDebInfo|x64.Build.0 = RelWithDebInfo|x64
		{6DB803ED-0FFD-337A-A03F-8668FC1C8870}.Debug|x64.ActiveCfg = Debug|x64
		{6DB803ED-0FFD-337A-A03F-8668FC1C8870}.Debug|x64.Build.0 = Debug|x64
		{6DB803ED-0FFD-337A-A03F-8668FC1C8870}.Release|x64.ActiveCfg = Release|x64
		{6DB803ED-0FFD-337A-A03F-8668FC1C8870}.Release|x64.Build.0 = Release|x64
		{6DB803ED-0FFD-337A-A03F-8668FC1C8870}.MinSizeRel|x64.ActiveCfg = MinSizeRel|x64
		{6DB803ED-0FFD-337A-A03F-8668FC1C8870}.MinSizeRel|x64.Build.0 = MinSizeRel|x64
		{6DB803ED-0FFD-337A-A03F-8668FC1C8870}.RelWithDebInfo|x64.ActiveCfg = RelWithDebInfo|x64
		{6DB803ED-0FFD-337A-A03F-8668FC1C8870}.RelWithDebInfo|x64.Build.0 = RelWithDebInfo|x64
		{8822421F-E9F4-3A2A-A633-0CA52461D946}.Debug|x64.ActiveCfg = Debug|x64
		{8822421F-E9F4-3A2A-A633-0CA52461D946}.Debug|x64.Build.0 = Debug|x64
		{8822421F-E9F4-3A2A-A633-0CA52461D946}.Release|x64.ActiveCfg = Release|x64
		{8822421F-E9F4-3A2A-A633-0CA52461D946}.Release|x64.Build.0 = Release|x64
		{8822421F-E9F4-3A2A-A633-0CA52461D946}.MinSizeRel|x64.ActiveCfg = MinSizeRel|x64
		{8822421F-E9F4-3A2A-A633-0CA52461D946}.MinSizeRel|x64.Build.0 = MinSizeRel|x64
		{8822421F-E9F4-3A2A-A633-0CA52461D946}.RelWithDebInfo|x64.ActiveCfg = RelWithDebInfo|x64
		{8822421F-E9F4-3A2A-A633-0CA52461D946}.RelWithDebInfo|x64.Build.0 = RelWithDebInfo|x64
		{31CA801B-04FC-3993-A362-8D75EC565EF1}.Debug|x64.ActiveCfg = Debug|x64
		{31CA801B-04FC-3993-A362-8D75EC565EF1}.Debug|x64.Build.0 = Debug|x64
		{31CA801B-04FC-3993-A362-8D75EC565EF1}.Release|x64.ActiveCfg = Release|x64
		{31CA801B-04FC-3993-A362-8D75EC565EF1}.Release|x64.Build.0 = Release|x64
		{31CA801B-04FC-3993-A362-8D75EC565EF1}.MinSizeRel|x64.ActiveCfg = MinSizeRel|x64
		{31CA801B-04FC-3993-A362-8D75EC565EF1}.MinSizeRel|x64.Build.0 = MinSizeRel|x64
		{31CA801B-04FC-3993-A362-8D75EC565EF1}.RelWithDebInfo|x64.ActiveCfg = RelWithDebInfo|x64
		{31CA801B-04FC-3993-A362-8D75EC565EF1}.RelWithDebInfo|x64.Build.0 = RelWithDebInfo|x64
	EndGlobalSection
	GlobalSection(ExtensibilityGlobals) = postSolution
	EndGlobalSection
	GlobalSection(ExtensibilityAddIns) = postSolution
	EndGlobalSection
EndGlobal
